
Microsoft Visual Studio Solution File, Format Version 12.00
# Visual Studio Version 17
VisualStudioVersion = 17.2.0.0
MinimumVisualStudioVersion = 17.2.0.0
Project("{9A19103F-16F7-4668-BE54-9A1E7A4F7556}") = "230420_Create ifl file", "230420_Create ifl file\230420_Create ifl file.csproj", "23B111F8-8501-24FE-EFCC-2A303F075674"
EndProject
Global
	GlobalSection(SolutionConfigurationPlatforms) = preSolution
		Debug|Any CPU = Debug|Any CPU
		Debug|x64 = Debug|x64
		Debug|x86 = Debug|x86
		Release|Any CPU = Release|Any CPU
		Release|x64 = Release|x64
		Release|x86 = Release|x86
	EndGlobalSection
	GlobalSection(ProjectConfigurationPlatforms) = postSolution
		{23B111F8-8501-24FE-EFCC-2A303F075674}.Debug|Any CPU.ActiveCfg = Debug|Any CPU
		{23B111F8-8501-24FE-EFCC-2A303F075674}.Debug|Any CPU.Build.0 = Debug|Any CPU
		{23B111F8-8501-24FE-EFCC-2A303F075674}.Debug|x64.ActiveCfg = Debug|x64
		{23B111F8-8501-24FE-EFCC-2A303F075674}.Debug|x64.Build.0 = Debug|x64
		{23B111F8-8501-24FE-EFCC-2A303F075674}.Debug|x86.ActiveCfg = Debug|x86
		{23B111F8-8501-24FE-EFCC-2A303F075674}.Debug|x86.Build.0 = Debug|x86
		{23B111F8-8501-24FE-EFCC-2A303F075674}.Release|Any CPU.ActiveCfg = Release|Any CPU
		{23B111F8-8501-24FE-EFCC-2A303F075674}.Release|Any CPU.Build.0 = Release|Any CPU
		{23B111F8-8501-24FE-EFCC-2A303F075674}.Release|x64.ActiveCfg = Release|x64
		{23B111F8-8501-24FE-EFCC-2A303F075674}.Release|x64.Build.0 = Release|x64
		{23B111F8-8501-24FE-EFCC-2A303F075674}.Release|x86.ActiveCfg = Release|x86
		{23B111F8-8501-24FE-EFCC-2A303F075674}.Release|x86.Build.0 = Release|x86
	EndGlobalSection
	GlobalSection(SolutionProperties) = preSolution
		HideSolutionNode = FALSE
	EndGlobalSection
	GlobalSection(ExtensibilityGlobals) = postSolution
		SolutionGuid = {{E55DF8BB-7343-4D00-8E76-FFEE037C1B95}}
	EndGlobalSection
EndGlobal
